
Microsoft Visual Studio Solution File, Format Version 12.00
# Visual Studio 15
VisualStudioVersion = 15.0.28307.645
MinimumVisualStudioVersion = 10.0.40219.1
Project("{FAE04EC0-301F-11D3-BF4B-00C04F79EFBC}") = "MVC_Machine_Test", "MVC_Machine_Test\MVC_Machine_Test.csproj", "{94D8BA32-395B-4626-B1E0-18F93CB288CA}"
EndProject
Global
	GlobalSection(SolutionConfigurationPlatforms) = preSolution
		Debug|Any CPU = Debug|Any CPU
		Release|Any CPU = Release|Any CPU
	EndGlobalSection
	GlobalSection(ProjectConfigurationPlatforms) = postSolution
		{94D8BA32-395B-4626-B1E0-18F93CB288CA}.Debug|Any CPU.ActiveCfg = Debug|Any CPU
		{94D8BA32-395B-4626-B1E0-18F93CB288CA}.Debug|Any CPU.Build.0 = Debug|Any CPU
		{94D8BA32-395B-4626-B1E0-18F93CB288CA}.Release|Any CPU.ActiveCfg = Release|Any CPU
		{94D8BA32-395B-4626-B1E0-18F93CB288CA}.Release|Any CPU.Build.0 = Release|Any CPU
	EndGlobalSection
	GlobalSection(SolutionProperties) = preSolution
		HideSolutionNode = FALSE
	EndGlobalSection
	GlobalSection(ExtensibilityGlobals) = postSolution
		SolutionGuid = {616A9AE3-95D5-42A3-B5EE-5DDEB4ACD79E}
	EndGlobalSection
EndGlobal
